
Microsoft Visual Studio Solution File, Format Version 12.00
# Visual Studio Version 17
VisualStudioVersion = 17.8.34316.72
MinimumVisualStudioVersion = 10.0.40219.1
Project("{FAE04EC0-301F-11D3-BF4B-00C04F79EFBC}") = "Finder", "Finder\Finder.csproj", "{1F9ECF2B-3D08-4D3E-9916-08C23426ED7E}"
EndProject
Global
	GlobalSection(SolutionConfigurationPlatforms) = preSolution
		Debug|Any CPU = Debug|Any CPU
		Release|Any CPU = Release|Any CPU
	EndGlobalSection
	GlobalSection(ProjectConfigurationPlatforms) = postSolution
		{1F9ECF2B-3D08-4D3E-9916-08C23426ED7E}.Debug|Any CPU.ActiveCfg = Debug|Any CPU
		{1F9ECF2B-3D08-4D3E-9916-08C23426ED7E}.Debug|Any CPU.Build.0 = Debug|Any CPU
		{1F9ECF2B-3D08-4D3E-9916-08C23426ED7E}.Release|Any CPU.ActiveCfg = Release|Any CPU
		{1F9ECF2B-3D08-4D3E-9916-08C23426ED7E}.Release|Any CPU.Build.0 = Release|Any CPU
	EndGlobalSection
	GlobalSection(SolutionProperties) = preSolution
		HideSolutionNode = FALSE
	EndGlobalSection
	GlobalSection(ExtensibilityGlobals) = postSolution
		SolutionGuid = {4BAAAF57-AE89-4555-AE28-1DFF882B74B3}
	EndGlobalSection
EndGlobal
